
Microsoft Visual Studio Solution File, Format Version 12.00
# Visual Studio Version 17
VisualStudioVersion = 17.13.35828.75 d17.13
MinimumVisualStudioVersion = 10.0.40219.1
Project("{FAE04EC0-301F-11D3-BF4B-00C04F79EFBC}") = "ClientManagementApp", "ClientManagementApp.csproj", "{66184576-B5B7-4432-80CC-1405A7ABABB8}"
EndProject
Global
	GlobalSection(SolutionConfigurationPlatforms) = preSolution
		Debug|Any CPU = Debug|Any CPU
		Release|Any CPU = Release|Any CPU
	EndGlobalSection
	GlobalSection(ProjectConfigurationPlatforms) = postSolution
		{66184576-B5B7-4432-80CC-1405A7ABABB8}.Debug|Any CPU.ActiveCfg = Debug|Any CPU
		{66184576-B5B7-4432-80CC-1405A7ABABB8}.Debug|Any CPU.Build.0 = Debug|Any CPU
		{66184576-B5B7-4432-80CC-1405A7ABABB8}.Release|Any CPU.ActiveCfg = Release|Any CPU
		{66184576-B5B7-4432-80CC-1405A7ABABB8}.Release|Any CPU.Build.0 = Release|Any CPU
	EndGlobalSection
	GlobalSection(SolutionProperties) = preSolution
		HideSolutionNode = FALSE
	EndGlobalSection
	GlobalSection(ExtensibilityGlobals) = postSolution
		SolutionGuid = {2F8EB3DF-1A72-475C-88C7-EB4D244D9617}
	EndGlobalSection
EndGlobal
